
Microsoft Visual Studio Solution File, Format Version 12.00
# Visual Studio Version 17
VisualStudioVersion = 17.5.002.0
MinimumVisualStudioVersion = 10.0.40219.1
Project("{9A19103F-16F7-4668-BE54-9A1E7A4F7556}") = "C#", "C#.csproj", "{77AA1526-FF11-4620-BEC6-E09E8BA564F6}"
EndProject
Global
	GlobalSection(SolutionConfigurationPlatforms) = preSolution
		Debug|Any CPU = Debug|Any CPU
		Release|Any CPU = Release|Any CPU
	EndGlobalSection
	GlobalSection(ProjectConfigurationPlatforms) = postSolution
		{77AA1526-FF11-4620-BEC6-E09E8BA564F6}.Debug|Any CPU.ActiveCfg = Debug|Any CPU
		{77AA1526-FF11-4620-BEC6-E09E8BA564F6}.Debug|Any CPU.Build.0 = Debug|Any CPU
		{77AA1526-FF11-4620-BEC6-E09E8BA564F6}.Release|Any CPU.ActiveCfg = Release|Any CPU
		{77AA1526-FF11-4620-BEC6-E09E8BA564F6}.Release|Any CPU.Build.0 = Release|Any CPU
	EndGlobalSection
	GlobalSection(SolutionProperties) = preSolution
		HideSolutionNode = FALSE
	EndGlobalSection
	GlobalSection(ExtensibilityGlobals) = postSolution
		SolutionGuid = {7A2A1E06-F876-44B1-AD23-C8BD96C384BB}
	EndGlobalSection
EndGlobal
